
Microsoft Visual Studio Solution File, Format Version 12.00
# Visual Studio Version 17
VisualStudioVersion = 17.6.33927.249
MinimumVisualStudioVersion = 10.0.40219.1
Project("{FAE04EC0-301F-11D3-BF4B-00C04F79EFBC}") = "Exercise_4_BindingToList", "Exercise_4_BindingToList.csproj", "{59FF17CE-9CF2-4FB6-B6E5-95DD933FA873}"
EndProject
Global
	GlobalSection(SolutionConfigurationPlatforms) = preSolution
		Debug|Any CPU = Debug|Any CPU
		Release|Any CPU = Release|Any CPU
	EndGlobalSection
	GlobalSection(ProjectConfigurationPlatforms) = postSolution
		{59FF17CE-9CF2-4FB6-B6E5-95DD933FA873}.Debug|Any CPU.ActiveCfg = Debug|Any CPU
		{59FF17CE-9CF2-4FB6-B6E5-95DD933FA873}.Debug|Any CPU.Build.0 = Debug|Any CPU
		{59FF17CE-9CF2-4FB6-B6E5-95DD933FA873}.Release|Any CPU.ActiveCfg = Release|Any CPU
		{59FF17CE-9CF2-4FB6-B6E5-95DD933FA873}.Release|Any CPU.Build.0 = Release|Any CPU
	EndGlobalSection
	GlobalSection(SolutionProperties) = preSolution
		HideSolutionNode = FALSE
	EndGlobalSection
	GlobalSection(ExtensibilityGlobals) = postSolution
		SolutionGuid = {3781337C-7B9B-4DFD-AF66-9C6DAE80F091}
	EndGlobalSection
EndGlobal
