
Microsoft Visual Studio Solution File, Format Version 12.00
# Visual Studio Version 17
VisualStudioVersion = 17.6.33927.249
MinimumVisualStudioVersion = 10.0.40219.1
Project("{FAE04EC0-301F-11D3-BF4B-00C04F79EFBC}") = "Exercise_3_DataBinding", "Exercise_3_DataBinding.csproj", "{629AB03B-6767-4E8B-AB0F-3C0CF9C9DDEE}"
EndProject
Global
	GlobalSection(SolutionConfigurationPlatforms) = preSolution
		Debug|Any CPU = Debug|Any CPU
		Release|Any CPU = Release|Any CPU
	EndGlobalSection
	GlobalSection(ProjectConfigurationPlatforms) = postSolution
		{629AB03B-6767-4E8B-AB0F-3C0CF9C9DDEE}.Debug|Any CPU.ActiveCfg = Debug|Any CPU
		{629AB03B-6767-4E8B-AB0F-3C0CF9C9DDEE}.Debug|Any CPU.Build.0 = Debug|Any CPU
		{629AB03B-6767-4E8B-AB0F-3C0CF9C9DDEE}.Release|Any CPU.ActiveCfg = Release|Any CPU
		{629AB03B-6767-4E8B-AB0F-3C0CF9C9DDEE}.Release|Any CPU.Build.0 = Release|Any CPU
	EndGlobalSection
	GlobalSection(SolutionProperties) = preSolution
		HideSolutionNode = FALSE
	EndGlobalSection
	GlobalSection(ExtensibilityGlobals) = postSolution
		SolutionGuid = {9CEDA05C-430C-4348-8686-F694AA231CFB}
	EndGlobalSection
EndGlobal
